
Microsoft Visual Studio Solution File, Format Version 12.00
# Visual Studio Version 16
VisualStudioVersion = 16.0.31729.503
MinimumVisualStudioVersion = 10.0.40219.1
Project("{9A19103F-16F7-4668-BE54-9A1E7A4F7556}") = "OrbRandomizer", "OrbRandomizer.csproj", "{BCA8E5A0-A31D-4BBD-8052-D685DB2D8C3D}"
EndProject
Global
	GlobalSection(SolutionConfigurationPlatforms) = preSolution
		Debug|Any CPU = Debug|Any CPU
		Release|Any CPU = Release|Any CPU
	EndGlobalSection
	GlobalSection(ProjectConfigurationPlatforms) = postSolution
		{BCA8E5A0-A31D-4BBD-8052-D685DB2D8C3D}.Debug|Any CPU.ActiveCfg = Debug|Any CPU
		{BCA8E5A0-A31D-4BBD-8052-D685DB2D8C3D}.Debug|Any CPU.Build.0 = Debug|Any CPU
		{BCA8E5A0-A31D-4BBD-8052-D685DB2D8C3D}.Release|Any CPU.ActiveCfg = Release|Any CPU
		{BCA8E5A0-A31D-4BBD-8052-D685DB2D8C3D}.Release|Any CPU.Build.0 = Release|Any CPU
	EndGlobalSection
	GlobalSection(SolutionProperties) = preSolution
		HideSolutionNode = FALSE
	EndGlobalSection
	GlobalSection(ExtensibilityGlobals) = postSolution
		SolutionGuid = {C1E9A146-A2B2-4F09-91F1-16DEC519AF9C}
	EndGlobalSection
EndGlobal
